
Microsoft Visual Studio Solution File, Format Version 12.00
# Visual Studio Version 17
VisualStudioVersion = 17.0.31903.59
MinimumVisualStudioVersion = 10.0.40219.1
Project("{FAE04EC0-301F-11D3-BF4B-00C04F79EFBC}") = "Daw.DB.Data", "Daw.DB.Data\Daw.DB.Data.csproj", "{F1ABB2E4-7292-4401-951D-B84D187AE35D}"
EndProject
Project("{9A19103F-16F7-4668-BE54-9A1E7A4F7556}") = "Daw.DB.GH", "Daw.DB.GH\Daw.DB.GH.csproj", "{73E320BA-680F-43D2-B84C-1FABBDF9C53F}"
EndProject
Global
	GlobalSection(SolutionConfigurationPlatforms) = preSolution
		Debug|Any CPU = Debug|Any CPU
		Release|Any CPU = Release|Any CPU
	EndGlobalSection
	GlobalSection(ProjectConfigurationPlatforms) = postSolution
		{F1ABB2E4-7292-4401-951D-B84D187AE35D}.Debug|Any CPU.ActiveCfg = Debug|Any CPU
		{F1ABB2E4-7292-4401-951D-B84D187AE35D}.Debug|Any CPU.Build.0 = Debug|Any CPU
		{F1ABB2E4-7292-4401-951D-B84D187AE35D}.Release|Any CPU.ActiveCfg = Release|Any CPU
		{F1ABB2E4-7292-4401-951D-B84D187AE35D}.Release|Any CPU.Build.0 = Release|Any CPU
		{73E320BA-680F-43D2-B84C-1FABBDF9C53F}.Debug|Any CPU.ActiveCfg = Debug|Any CPU
		{73E320BA-680F-43D2-B84C-1FABBDF9C53F}.Debug|Any CPU.Build.0 = Debug|Any CPU
		{73E320BA-680F-43D2-B84C-1FABBDF9C53F}.Release|Any CPU.ActiveCfg = Release|Any CPU
		{73E320BA-680F-43D2-B84C-1FABBDF9C53F}.Release|Any CPU.Build.0 = Release|Any CPU
	EndGlobalSection
	GlobalSection(SolutionProperties) = preSolution
		HideSolutionNode = FALSE
	EndGlobalSection
	GlobalSection(ExtensibilityGlobals) = postSolution
		SolutionGuid = {87655949-987C-4C50-98F8-318ACBABC0BD}
	EndGlobalSection
EndGlobal
